
Microsoft Visual Studio Solution File, Format Version 12.00
# Visual Studio Version 17
VisualStudioVersion = 17.9.34622.214
MinimumVisualStudioVersion = 10.0.40219.1
Project("{FAE04EC0-301F-11D3-BF4B-00C04F79EFBC}") = "TP-WebForm-Equipo-20", "TP-WebForm-Equipo-20.csproj", "{661C72F5-BA82-4597-A8F0-D2069B1FCE33}"
EndProject
Global
	GlobalSection(SolutionConfigurationPlatforms) = preSolution
		Debug|Any CPU = Debug|Any CPU
		Release|Any CPU = Release|Any CPU
	EndGlobalSection
	GlobalSection(ProjectConfigurationPlatforms) = postSolution
		{661C72F5-BA82-4597-A8F0-D2069B1FCE33}.Debug|Any CPU.ActiveCfg = Debug|Any CPU
		{661C72F5-BA82-4597-A8F0-D2069B1FCE33}.Debug|Any CPU.Build.0 = Debug|Any CPU
		{661C72F5-BA82-4597-A8F0-D2069B1FCE33}.Release|Any CPU.ActiveCfg = Release|Any CPU
		{661C72F5-BA82-4597-A8F0-D2069B1FCE33}.Release|Any CPU.Build.0 = Release|Any CPU
	EndGlobalSection
	GlobalSection(SolutionProperties) = preSolution
		HideSolutionNode = FALSE
	EndGlobalSection
	GlobalSection(ExtensibilityGlobals) = postSolution
		SolutionGuid = {10887766-2AB7-4120-8BC3-AADD41D5F8BD}
	EndGlobalSection
EndGlobal
